
Microsoft Visual Studio Solution File, Format Version 12.00
# Visual Studio Version 16
VisualStudioVersion = 16.0.808.5
MinimumVisualStudioVersion = 10.0.40219.1
Project("{FAE04EC0-301F-11D3-BF4B-00C04F79EFBC}") = "RPG", "RPG\RPG.csproj", "{033084C4-B88C-422E-ADAA-67ED1DFF12B1}"
EndProject
Global
	GlobalSection(SolutionConfigurationPlatforms) = preSolution
		Debug|Any CPU = Debug|Any CPU
		Release|Any CPU = Release|Any CPU
	EndGlobalSection
	GlobalSection(ProjectConfigurationPlatforms) = postSolution
		{033084C4-B88C-422E-ADAA-67ED1DFF12B1}.Debug|Any CPU.ActiveCfg = Debug|Any CPU
		{033084C4-B88C-422E-ADAA-67ED1DFF12B1}.Debug|Any CPU.Build.0 = Debug|Any CPU
		{033084C4-B88C-422E-ADAA-67ED1DFF12B1}.Release|Any CPU.ActiveCfg = Release|Any CPU
		{033084C4-B88C-422E-ADAA-67ED1DFF12B1}.Release|Any CPU.Build.0 = Release|Any CPU
	EndGlobalSection
	GlobalSection(SolutionProperties) = preSolution
		HideSolutionNode = FALSE
	EndGlobalSection
	GlobalSection(ExtensibilityGlobals) = postSolution
		SolutionGuid = {95206299-763D-415E-A98A-45C82F077FE2}
	EndGlobalSection
EndGlobal
